
Microsoft Visual Studio Solution File, Format Version 12.00
# Visual Studio Version 16
VisualStudioVersion = 16.0.29709.97
MinimumVisualStudioVersion = 10.0.40219.1
Project("{FAE04EC0-301F-11D3-BF4B-00C04F79EFBC}") = "RedAlrtop", "RedAlrtop\RedAlrtop.csproj", "{B0B09A9C-0349-4685-A8D1-9611B096EEEF}"
EndProject
Global
	GlobalSection(SolutionConfigurationPlatforms) = preSolution
		Debug|Any CPU = Debug|Any CPU
		Release|Any CPU = Release|Any CPU
	EndGlobalSection
	GlobalSection(ProjectConfigurationPlatforms) = postSolution
		{B0B09A9C-0349-4685-A8D1-9611B096EEEF}.Debug|Any CPU.ActiveCfg = Debug|Any CPU
		{B0B09A9C-0349-4685-A8D1-9611B096EEEF}.Debug|Any CPU.Build.0 = Debug|Any CPU
		{B0B09A9C-0349-4685-A8D1-9611B096EEEF}.Release|Any CPU.ActiveCfg = Release|Any CPU
		{B0B09A9C-0349-4685-A8D1-9611B096EEEF}.Release|Any CPU.Build.0 = Release|Any CPU
	EndGlobalSection
	GlobalSection(SolutionProperties) = preSolution
		HideSolutionNode = FALSE
	EndGlobalSection
	GlobalSection(ExtensibilityGlobals) = postSolution
		SolutionGuid = {F236E970-5162-4453-A906-A743F5426E96}
	EndGlobalSection
EndGlobal
